// !$*UTF8*$!
{
	archiveVersion = 1;
	classes = {
	};
	objectVersion = 56;
	objects = {

/* Begin PBXBuildFile section */
		42FD84EA29C92602003F595B /* AppDelegate.swift in Sources */ = {isa = PBXBuildFile; fileRef = 42FD84E929C92602003F595B /* AppDelegate.swift */; };
		42FD84EC29C92602003F595B /* SceneDelegate.swift in Sources */ = {isa = PBXBuildFile; fileRef = 42FD84EB29C92602003F595B /* SceneDelegate.swift */; };
		42FD84EE29C92602003F595B /* ViewController.swift in Sources */ = {isa = PBXBuildFile; fileRef = 42FD84ED29C92602003F595B /* ViewController.swift */; };
		42FD84F129C92602003F595B /* Main.storyboard in Resources */ = {isa = PBXBuildFile; fileRef = 42FD84EF29C92602003F595B /* Main.storyboard */; };
		42FD84F329C92603003F595B /* Assets.xcassets in Resources */ = {isa = PBXBuildFile; fileRef = 42FD84F229C92603003F595B /* Assets.xcassets */; };
		42FD84F629C92603003F595B /* LaunchScreen.storyboard in Resources */ = {isa = PBXBuildFile; fileRef = 42FD84F429C92603003F595B /* LaunchScreen.storyboard */; };
		42FD850129C92603003F595B /* TheCoralSafariTests.swift in Sources */ = {isa = PBXBuildFile; fileRef = 42FD850029C92603003F595B /* TheCoralSafariTests.swift */; };
		42FD850B29C92603003F595B /* TheCoralSafariUITests.swift in Sources */ = {isa = PBXBuildFile; fileRef = 42FD850A29C92603003F595B /* TheCoralSafariUITests.swift */; };
		42FD850D29C92603003F595B /* TheCoralSafariUITestsLaunchTests.swift in Sources */ = {isa = PBXBuildFile; fileRef = 42FD850C29C92603003F595B /* TheCoralSafariUITestsLaunchTests.swift */; };
/* End PBXBuildFile section */

/* Begin PBXContainerItemProxy section */
		42FD84FD29C92603003F595B /* PBXContainerItemProxy */ = {
			isa = PBXContainerItemProxy;
			containerPortal = 42FD84DE29C92602003F595B /* Project object */;
			proxyType = 1;
			remoteGlobalIDString = 42FD84E529C92602003F595B;
			remoteInfo = TheCoralSafari;
		};
		42FD850729C92603003F595B /* PBXContainerItemProxy */ = {
			isa = PBXContainerItemProxy;
			containerPortal = 42FD84DE29C92602003F595B /* Project object */;
			proxyType = 1;
			remoteGlobalIDString = 42FD84E529C92602003F595B;
			remoteInfo = TheCoralSafari;
		};
/* End PBXContainerItemProxy section */

/* Begin PBXFileReference section */
		42FD84E629C92602003F595B /* TheCoralSafari.app */ = {isa = PBXFileReference; explicitFileType = wrapper.application; includeInIndex = 0; path = TheCoralSafari.app; sourceTree = BUILT_PRODUCTS_DIR; };
		42FD84E929C92602003F595B /* AppDelegate.swift */ = {isa = PBXFileReference; lastKnownFileType = sourcecode.swift; path = AppDelegate.swift; sourceTree = "<group>"; };
		42FD84EB29C92602003F595B /* SceneDelegate.swift */ = {isa = PBXFileReference; lastKnownFileType = sourcecode.swift; path = SceneDelegate.swift; sourceTree = "<group>"; };
		42FD84ED29C92602003F595B /* ViewController.swift */ = {isa = PBXFileReference; lastKnownFileType = sourcecode.swift; path = ViewController.swift; sourceTree = "<group>"; };
		42FD84F029C92602003F595B /* Base */ = {isa = PBXFileReference; lastKnownFileType = file.storyboard; name = Base; path = Base.lproj/Main.storyboard; sourceTree = "<group>"; };
		42FD84F229C92603003F595B /* Assets.xcassets */ = {isa = PBXFileReference; lastKnownFileType = folder.assetcatalog; path = Assets.xcassets; sourceTree = "<group>"; };
		42FD84F529C92603003F595B /* Base */ = {isa = PBXFileReference; lastKnownFileType = file.storyboard; name = Base; path = Base.lproj/LaunchScreen.storyboard; sourceTree = "<group>"; };
		42FD84F729C92603003F595B /* Info.plist */ = {isa = PBXFileReference; lastKnownFileType = text.plist.xml; path = Info.plist; sourceTree = "<group>"; };
		42FD84FC29C92603003F595B /* TheCoralSafariTests.xctest */ = {isa = PBXFileReference; explicitFileType = wrapper.cfbundle; includeInIndex = 0; path = TheCoralSafariTests.xctest; sourceTree = BUILT_PRODUCTS_DIR; };
		42FD850029C92603003F595B /* TheCoralSafariTests.swift */ = {isa = PBXFileReference; lastKnownFileType = sourcecode.swift; path = TheCoralSafariTests.swift; sourceTree = "<group>"; };
		42FD850629C92603003F595B /* TheCoralSafariUITests.xctest */ = {isa = PBXFileReference; explicitFileType = wrapper.cfbundle; includeInIndex = 0; path = TheCoralSafariUITests.xctest; sourceTree = BUILT_PRODUCTS_DIR; };
		42FD850A29C92603003F595B /* TheCoralSafariUITests.swift */ = {isa = PBXFileReference; lastKnownFileType = sourcecode.swift; path = TheCoralSafariUITests.swift; sourceTree = "<group>"; };
		42FD850C29C92603003F595B /* TheCoralSafariUITestsLaunchTests.swift */ = {isa = PBXFileReference; lastKnownFileType = sourcecode.swift; path = TheCoralSafariUITestsLaunchTests.swift; sourceTree = "<group>"; };
/* End PBXFileReference section */

/* Begin PBXFrameworksBuildPhase section */
		42FD84E329C92602003F595B /* Frameworks */ = {
			isa = PBXFrameworksBuildPhase;
			buildActionMask = 2147483647;
			files = (
			);
			runOnlyForDeploymentPostprocessing = 0;
		};
		42FD84F929C92603003F595B /* Frameworks */ = {
			isa = PBXFrameworksBuildPhase;
			buildActionMask = 2147483647;
			files = (
			);
			runOnlyForDeploymentPostprocessing = 0;
		};
		42FD850329C92603003F595B /* Frameworks */ = {
			isa = PBXFrameworksBuildPhase;
			buildActionMask = 2147483647;
			files = (
			);
			runOnlyForDeploymentPostprocessing = 0;
		};
/* End PBXFrameworksBuildPhase section */

/* Begin PBXGroup section */
		42FD84DD29C92602003F595B = {
			isa = PBXGroup;
			children = (
				42FD84E829C92602003F595B /* TheCoralSafari */,
				42FD84FF29C92603003F595B /* TheCoralSafariTests */,
				42FD850929C92603003F595B /* TheCoralSafariUITests */,
				42FD84E729C92602003F595B /* Products */,
			);
			sourceTree = "<group>";
		};
		42FD84E729C92602003F595B /* Products */ = {
			isa = PBXGroup;
			children = (
				42FD84E629C92602003F595B /* TheCoralSafari.app */,
				42FD84FC29C92603003F595B /* TheCoralSafariTests.xctest */,
				42FD850629C92603003F595B /* TheCoralSafariUITests.xctest */,
			);
			name = Products;
			sourceTree = "<group>";
		};
		42FD84E829C92602003F595B /* TheCoralSafari */ = {
			isa = PBXGroup;
			children = (
				42FD84E929C92602003F595B /* AppDelegate.swift */,
				42FD84EB29C92602003F595B /* SceneDelegate.swift */,
				42FD84ED29C92602003F595B /* ViewController.swift */,
				42FD84EF29C92602003F595B /* Main.storyboard */,
				42FD84F229C92603003F595B /* Assets.xcassets */,
				42FD84F429C92603003F595B /* LaunchScreen.storyboard */,
				42FD84F729C92603003F595B /* Info.plist */,
			);
			path = TheCoralSafari;
			sourceTree = "<group>";
		};
		42FD84FF29C92603003F595B /* TheCoralSafariTests */ = {
			isa = PBXGroup;
			children = (
				42FD850029C92603003F595B /* TheCoralSafariTests.swift */,
			);
			path = TheCoralSafariTests;
			sourceTree = "<group>";
		};
		42FD850929C92603003F595B /* TheCoralSafariUITests */ = {
			isa = PBXGroup;
			children = (
				42FD850A29C92603003F595B /* TheCoralSafariUITests.swift */,
				42FD850C29C92603003F595B /* TheCoralSafariUITestsLaunchTests.swift */,
			);
			path = TheCoralSafariUITests;
			sourceTree = "<group>";
		};
/* End PBXGroup section */

/* Begin PBXNativeTarget section */
		42FD84E529C92602003F595B /* TheCoralSafari */ = {
			isa = PBXNativeTarget;
			buildConfigurationList = 42FD851029C92603003F595B /* Build configuration list for PBXNativeTarget "TheCoralSafari" */;
			buildPhases = (
				42FD84E229C92602003F595B /* Sources */,
				42FD84E329C92602003F595B /* Frameworks */,
				42FD84E429C92602003F595B /* Resources */,
			);
			buildRules = (
			);
			dependencies = (
			);
			name = TheCoralSafari;
			productName = TheCoralSafari;
			productReference = 42FD84E629C92602003F595B /* TheCoralSafari.app */;
			productType = "com.apple.product-type.application";
		};
		42FD84FB29C92603003F595B /* TheCoralSafariTests */ = {
			isa = PBXNativeTarget;
			buildConfigurationList = 42FD851329C92603003F595B /* Build configuration list for PBXNativeTarget "TheCoralSafariTests" */;
			buildPhases = (
				42FD84F829C92603003F595B /* Sources */,
				42FD84F929C92603003F595B /* Frameworks */,
				42FD84FA29C92603003F595B /* Resources */,
			);
			buildRules = (
			);
			dependencies = (
				42FD84FE29C92603003F595B /* PBXTargetDependency */,
			);
			name = TheCoralSafariTests;
			productName = TheCoralSafariTests;
			productReference = 42FD84FC29C92603003F595B /* TheCoralSafariTests.xctest */;
			productType = "com.apple.product-type.bundle.unit-test";
		};
		42FD850529C92603003F595B /* TheCoralSafariUITests */ = {
			isa = PBXNativeTarget;
			buildConfigurationList = 42FD851629C92603003F595B /* Build configuration list for PBXNativeTarget "TheCoralSafariUITests" */;
			buildPhases = (
				42FD850229C92603003F595B /* Sources */,
				42FD850329C92603003F595B /* Frameworks */,
				42FD850429C92603003F595B /* Resources */,
			);
			buildRules = (
			);
			dependencies = (
				42FD850829C92603003F595B /* PBXTargetDependency */,
			);
			name = TheCoralSafariUITests;
			productName = TheCoralSafariUITests;
			productReference = 42FD850629C92603003F595B /* TheCoralSafariUITests.xctest */;
			productType = "com.apple.product-type.bundle.ui-testing";
		};
/* End PBXNativeTarget section */

/* Begin PBXProject section */
		42FD84DE29C92602003F595B /* Project object */ = {
			isa = PBXProject;
			attributes = {
				BuildIndependentTargetsInParallel = 1;
				LastSwiftUpdateCheck = 1420;
				LastUpgradeCheck = 1420;
				TargetAttributes = {
					42FD84E529C92602003F595B = {
						CreatedOnToolsVersion = 14.2;
					};
					42FD84FB29C92603003F595B = {
						CreatedOnToolsVersion = 14.2;
						TestTargetID = 42FD84E529C92602003F595B;
					};
					42FD850529C92603003F595B = {
						CreatedOnToolsVersion = 14.2;
						TestTargetID = 42FD84E529C92602003F595B;
					};
				};
			};
			buildConfigurationList = 42FD84E129C92602003F595B /* Build configuration list for PBXProject "TheCoralSafari" */;
			compatibilityVersion = "Xcode 14.0";
			developmentRegion = en;
			hasScannedForEncodings = 0;
			knownRegions = (
				en,
				Base,
			);
			mainGroup = 42FD84DD29C92602003F595B;
			productRefGroup = 42FD84E729C92602003F595B /* Products */;
			projectDirPath = "";
			projectRoot = "";
			targets = (
				42FD84E529C92602003F595B /* TheCoralSafari */,
				42FD84FB29C92603003F595B /* TheCoralSafariTests */,
				42FD850529C92603003F595B /* TheCoralSafariUITests */,
			);
		};
/* End PBXProject section */

/* Begin PBXResourcesBuildPhase section */
		42FD84E429C92602003F595B /* Resources */ = {
			isa = PBXResourcesBuildPhase;
			buildActionMask = 2147483647;
			files = (
				42FD84F629C92603003F595B /* LaunchScreen.storyboard in Resources */,
				42FD84F329C92603003F595B /* Assets.xcassets in Resources */,
				42FD84F129C92602003F595B /* Main.storyboard in Resources */,
			);
			runOnlyForDeploymentPostprocessing = 0;
		};
		42FD84FA29C92603003F595B /* Resources */ = {
			isa = PBXResourcesBuildPhase;
			buildActionMask = 2147483647;
			files = (
			);
			runOnlyForDeploymentPostprocessing = 0;
		};
		42FD850429C92603003F595B /* Resources */ = {
			isa = PBXResourcesBuildPhase;
			buildActionMask = 2147483647;
			files = (
			);
			runOnlyForDeploymentPostprocessing = 0;
		};
/* End PBXResourcesBuildPhase section */

/* Begin PBXSourcesBuildPhase section */
		42FD84E229C92602003F595B /* Sources */ = {
			isa = PBXSourcesBuildPhase;
			buildActionMask = 2147483647;
			files = (
				42FD84EE29C92602003F595B /* ViewController.swift in Sources */,
				42FD84EA29C92602003F595B /* AppDelegate.swift in Sources */,
				42FD84EC29C92602003F595B /* SceneDelegate.swift in Sources */,
			);
			runOnlyForDeploymentPostprocessing = 0;
		};
		42FD84F829C92603003F595B /* Sources */ = {
			isa = PBXSourcesBuildPhase;
			buildActionMask = 2147483647;
			files = (
				42FD850129C92603003F595B /* TheCoralSafariTests.swift in Sources */,
			);
			runOnlyForDeploymentPostprocessing = 0;
		};
		42FD850229C92603003F595B /* Sources */ = {
			isa = PBXSourcesBuildPhase;
			buildActionMask = 2147483647;
			files = (
				42FD850D29C92603003F595B /* TheCoralSafariUITestsLaunchTests.swift in Sources */,
				42FD850B29C92603003F595B /* TheCoralSafariUITests.swift in Sources */,
			);
			runOnlyForDeploymentPostprocessing = 0;
		};
/* End PBXSourcesBuildPhase section */

/* Begin PBXTargetDependency section */
		42FD84FE29C92603003F595B /* PBXTargetDependency */ = {
			isa = PBXTargetDependency;
			target = 42FD84E529C92602003F595B /* TheCoralSafari */;
			targetProxy = 42FD84FD29C92603003F595B /* PBXContainerItemProxy */;
		};
		42FD850829C92603003F595B /* PBXTargetDependency */ = {
			isa = PBXTargetDependency;
			target = 42FD84E529C92602003F595B /* TheCoralSafari */;
			targetProxy = 42FD850729C92603003F595B /* PBXContainerItemProxy */;
		};
/* End PBXTargetDependency section */

/* Begin PBXVariantGroup section */
		42FD84EF29C92602003F595B /* Main.storyboard */ = {
			isa = PBXVariantGroup;
			children = (
				42FD84F029C92602003F595B /* Base */,
			);
			name = Main.storyboard;
			sourceTree = "<group>";
		};
		42FD84F429C92603003F595B /* LaunchScreen.storyboard */ = {
			isa = PBXVariantGroup;
			children = (
				42FD84F529C92603003F595B /* Base */,
			);
			name = LaunchScreen.storyboard;
			sourceTree = "<group>";
		};
/* End PBXVariantGroup section */

/* Begin XCBuildConfiguration section */
		42FD850E29C92603003F595B /* Debug */ = {
			isa = XCBuildConfiguration;
			buildSettings = {
				ALWAYS_SEARCH_USER_PATHS = NO;
				CLANG_ANALYZER_NONNULL = YES;
				CLANG_ANALYZER_NUMBER_OBJECT_CONVERSION = YES_AGGRESSIVE;
				CLANG_CXX_LANGUAGE_STANDARD = "gnu++20";
				CLANG_ENABLE_MODULES = YES;
				CLANG_ENABLE_OBJC_ARC = YES;
				CLANG_ENABLE_OBJC_WEAK = YES;
				CLANG_WARN_BLOCK_CAPTURE_AUTORELEASING = YES;
				CLANG_WARN_BOOL_CONVERSION = YES;
				CLANG_WARN_COMMA = YES;
				CLANG_WARN_CONSTANT_CONVERSION = YES;
				CLANG_WARN_DEPRECATED_OBJC_IMPLEMENTATIONS = YES;
				CLANG_WARN_DIRECT_OBJC_ISA_USAGE = YES_ERROR;
				CLANG_WARN_DOCUMENTATION_COMMENTS = YES;
				CLANG_WARN_EMPTY_BODY = YES;
				CLANG_WARN_ENUM_CONVERSION = YES;
				CLANG_WARN_INFINITE_RECURSION = YES;
				CLANG_WARN_INT_CONVERSION = YES;
				CLANG_WARN_NON_LITERAL_NULL_CONVERSION = YES;
				CLANG_WARN_OBJC_IMPLICIT_RETAIN_SELF = YES;
				CLANG_WARN_OBJC_LITERAL_CONVERSION = YES;
				CLANG_WARN_OBJC_ROOT_CLASS = YES_ERROR;
				CLANG_WARN_QUOTED_INCLUDE_IN_FRAMEWORK_HEADER = YES;
				CLANG_WARN_RANGE_LOOP_ANALYSIS = YES;
				CLANG_WARN_STRICT_PROTOTYPES = YES;
				CLANG_WARN_SUSPICIOUS_MOVE = YES;
				CLANG_WARN_UNGUARDED_AVAILABILITY = YES_AGGRESSIVE;
				CLANG_WARN_UNREACHABLE_CODE = YES;
				CLANG_WARN__DUPLICATE_METHOD_MATCH = YES;
				COPY_PHASE_STRIP = NO;
				DEBUG_INFORMATION_FORMAT = dwarf;
				ENABLE_STRICT_OBJC_MSGSEND = YES;
				ENABLE_TESTABILITY = YES;
				GCC_C_LANGUAGE_STANDARD = gnu11;
				GCC_DYNAMIC_NO_PIC = NO;
				GCC_NO_COMMON_BLOCKS = YES;
				GCC_OPTIMIZATION_LEVEL = 0;
				GCC_PREPROCESSOR_DEFINITIONS = (
					"DEBUG=1",
					"$(inherited)",
				);
				GCC_WARN_64_TO_32_BIT_CONVERSION = YES;
				GCC_WARN_ABOUT_RETURN_TYPE = YES_ERROR;
				GCC_WARN_UNDECLARED_SELECTOR = YES;
				GCC_WARN_UNINITIALIZED_AUTOS = YES_AGGRESSIVE;
				GCC_WARN_UNUSED_FUNCTION = YES;
				GCC_WARN_UNUSED_VARIABLE = YES;
				IPHONEOS_DEPLOYMENT_TARGET = 16.2;
				MTL_ENABLE_DEBUG_INFO = INCLUDE_SOURCE;
				MTL_FAST_MATH = YES;
				ONLY_ACTIVE_ARCH = YES;
				SDKROOT = iphoneos;
				SWIFT_ACTIVE_COMPILATION_CONDITIONS = DEBUG;
				SWIFT_OPTIMIZATION_LEVEL = "-Onone";
			};
			name = Debug;
		};
		42FD850F29C92603003F595B /* Release */ = {
			isa = XCBuildConfiguration;
			buildSettings = {
				ALWAYS_SEARCH_USER_PATHS = NO;
				CLANG_ANALYZER_NONNULL = YES;
				CLANG_ANALYZER_NUMBER_OBJECT_CONVERSION = YES_AGGRESSIVE;
				CLANG_CXX_LANGUAGE_STANDARD = "gnu++20";
				CLANG_ENABLE_MODULES = YES;
				CLANG_ENABLE_OBJC_ARC = YES;
				CLANG_ENABLE_OBJC_WEAK = YES;
				CLANG_WARN_BLOCK_CAPTURE_AUTORELEASING = YES;
				CLANG_WARN_BOOL_CONVERSION = YES;
				CLANG_WARN_COMMA = YES;
				CLANG_WARN_CONSTANT_CONVERSION = YES;
				CLANG_WARN_DEPRECATED_OBJC_IMPLEMENTATIONS = YES;
				CLANG_WARN_DIRECT_OBJC_ISA_USAGE = YES_ERROR;
				CLANG_WARN_DOCUMENTATION_COMMENTS = YES;
				CLANG_WARN_EMPTY_BODY = YES;
				CLANG_WARN_ENUM_CONVERSION = YES;
				CLANG_WARN_INFINITE_RECURSION = YES;
				CLANG_WARN_INT_CONVERSION = YES;
				CLANG_WARN_NON_LITERAL_NULL_CONVERSION = YES;
				CLANG_WARN_OBJC_IMPLICIT_RETAIN_SELF = YES;
				CLANG_WARN_OBJC_LITERAL_CONVERSION = YES;
				CLANG_WARN_OBJC_ROOT_CLASS = YES_ERROR;
				CLANG_WARN_QUOTED_INCLUDE_IN_FRAMEWORK_HEADER = YES;
				CLANG_WARN_RANGE_LOOP_ANALYSIS = YES;
				CLANG_WARN_STRICT_PROTOTYPES = YES;
				CLANG_WARN_SUSPICIOUS_MOVE = YES;
				CLANG_WARN_UNGUARDED_AVAILABILITY = YES_AGGRESSIVE;
				CLANG_WARN_UNREACHABLE_CODE = YES;
				CLANG_WARN__DUPLICATE_METHOD_MATCH = YES;
				COPY_PHASE_STRIP = NO;
				DEBUG_INFORMATION_FORMAT = "dwarf-with-dsym";
				ENABLE_NS_ASSERTIONS = NO;
				ENABLE_STRICT_OBJC_MSGSEND = YES;
				GCC_C_LANGUAGE_STANDARD = gnu11;
				GCC_NO_COMMON_BLOCKS = YES;
				GCC_WARN_64_TO_32_BIT_CONVERSION = YES;
				GCC_WARN_ABOUT_RETURN_TYPE = YES_ERROR;
				GCC_WARN_UNDECLARED_SELECTOR = YES;
				GCC_WARN_UNINITIALIZED_AUTOS = YES_AGGRESSIVE;
				GCC_WARN_UNUSED_FUNCTION = YES;
				GCC_WARN_UNUSED_VARIABLE = YES;
				IPHONEOS_DEPLOYMENT_TARGET = 16.2;
				MTL_ENABLE_DEBUG_INFO = NO;
				MTL_FAST_MATH = YES;
				SDKROOT = iphoneos;
				SWIFT_COMPILATION_MODE = wholemodule;
				SWIFT_OPTIMIZATION_LEVEL = "-O";
				VALIDATE_PRODUCT = YES;
			};
			name = Release;
		};
		42FD851129C92603003F595B /* Debug */ = {
			isa = XCBuildConfiguration;
			buildSettings = {
				ASSETCATALOG_COMPILER_APPICON_NAME = AppIcon;
				ASSETCATALOG_COMPILER_GLOBAL_ACCENT_COLOR_NAME = AccentColor;
				CODE_SIGN_STYLE = Automatic;
				CURRENT_PROJECT_VERSION = 1;
				DEVELOPMENT_TEAM = 6BPV2KA2D8;
				GENERATE_INFOPLIST_FILE = YES;
				INFOPLIST_FILE = TheCoralSafari/Info.plist;
				INFOPLIST_KEY_UIApplicationSupportsIndirectInputEvents = YES;
				INFOPLIST_KEY_UILaunchStoryboardName = LaunchScreen;
				INFOPLIST_KEY_UIMainStoryboardFile = Main;
				INFOPLIST_KEY_UISupportedInterfaceOrientations_iPad = "UIInterfaceOrientationPortrait UIInterfaceOrientationPortraitUpsideDown UIInterfaceOrientationLandscapeLeft UIInterfaceOrientationLandscapeRight";
				INFOPLIST_KEY_UISupportedInterfaceOrientations_iPhone = "UIInterfaceOrientationPortrait UIInterfaceOrientationLandscapeLeft UIInterfaceOrientationLandscapeRight";
				LD_RUNPATH_SEARCH_PATHS = (
					"$(inherited)",
					"@executable_path/Frameworks",
				);
				MARKETING_VERSION = 1.0;
				PRODUCT_BUNDLE_IDENTIFIER = eddie.TheCoralSafari;
				PRODUCT_NAME = "$(TARGET_NAME)";
				SWIFT_EMIT_LOC_STRINGS = YES;
				SWIFT_VERSION = 5.0;
				TARGETED_DEVICE_FAMILY = "1,2";
			};
			name = Debug;
		};
		42FD851229C92603003F595B /* Release */ = {
			isa = XCBuildConfiguration;
			buildSettings = {
				ASSETCATALOG_COMPILER_APPICON_NAME = AppIcon;
				ASSETCATALOG_COMPILER_GLOBAL_ACCENT_COLOR_NAME = AccentColor;
				CODE_SIGN_STYLE = Automatic;
				CURRENT_PROJECT_VERSION = 1;
				DEVELOPMENT_TEAM = 6BPV2KA2D8;
				GENERATE_INFOPLIST_FILE = YES;
				INFOPLIST_FILE = TheCoralSafari/Info.plist;
				INFOPLIST_KEY_UIApplicationSupportsIndirectInputEvents = YES;
				INFOPLIST_KEY_UILaunchStoryboardName = LaunchScreen;
				INFOPLIST_KEY_UIMainStoryboardFile = Main;
				INFOPLIST_KEY_UISupportedInterfaceOrientations_iPad = "UIInterfaceOrientationPortrait UIInterfaceOrientationPortraitUpsideDown UIInterfaceOrientationLandscapeLeft UIInterfaceOrientationLandscapeRight";
				INFOPLIST_KEY_UISupportedInterfaceOrientations_iPhone = "UIInterfaceOrientationPortrait UIInterfaceOrientationLandscapeLeft UIInterfaceOrientationLandscapeRight";
				LD_RUNPATH_SEARCH_PATHS = (
					"$(inherited)",
					"@executable_path/Frameworks",
				);
				MARKETING_VERSION = 1.0;
				PRODUCT_BUNDLE_IDENTIFIER = eddie.TheCoralSafari;
				PRODUCT_NAME = "$(TARGET_NAME)";
				SWIFT_EMIT_LOC_STRINGS = YES;
				SWIFT_VERSION = 5.0;
				TARGETED_DEVICE_FAMILY = "1,2";
			};
			name = Release;
		};
		42FD851429C92603003F595B /* Debug */ = {
			isa = XCBuildConfiguration;
			buildSettings = {
				ALWAYS_EMBED_SWIFT_STANDARD_LIBRARIES = YES;
				BUNDLE_LOADER = "$(TEST_HOST)";
				CODE_SIGN_STYLE = Automatic;
				CURRENT_PROJECT_VERSION = 1;
				DEVELOPMENT_TEAM = 6BPV2KA2D8;
				GENERATE_INFOPLIST_FILE = YES;
				IPHONEOS_DEPLOYMENT_TARGET = 16.2;
				MARKETING_VERSION = 1.0;
				PRODUCT_BUNDLE_IDENTIFIER = eddie.TheCoralSafariTests;
				PRODUCT_NAME = "$(TARGET_NAME)";
				SWIFT_EMIT_LOC_STRINGS = NO;
				SWIFT_VERSION = 5.0;
				TARGETED_DEVICE_FAMILY = "1,2";
				TEST_HOST = "$(BUILT_PRODUCTS_DIR)/TheCoralSafari.app/$(BUNDLE_EXECUTABLE_FOLDER_PATH)/TheCoralSafari";
			};
			name = Debug;
		};
		42FD851529C92603003F595B /* Release */ = {
			isa = XCBuildConfiguration;
			buildSettings = {
				ALWAYS_EMBED_SWIFT_STANDARD_LIBRARIES = YES;
				BUNDLE_LOADER = "$(TEST_HOST)";
				CODE_SIGN_STYLE = Automatic;
				CURRENT_PROJECT_VERSION = 1;
				DEVELOPMENT_TEAM = 6BPV2KA2D8;
				GENERATE_INFOPLIST_FILE = YES;
				IPHONEOS_DEPLOYMENT_TARGET = 16.2;
				MARKETING_VERSION = 1.0;
				PRODUCT_BUNDLE_IDENTIFIER = eddie.TheCoralSafariTests;
				PRODUCT_NAME = "$(TARGET_NAME)";
				SWIFT_EMIT_LOC_STRINGS = NO;
				SWIFT_VERSION = 5.0;
				TARGETED_DEVICE_FAMILY = "1,2";
				TEST_HOST = "$(BUILT_PRODUCTS_DIR)/TheCoralSafari.app/$(BUNDLE_EXECUTABLE_FOLDER_PATH)/TheCoralSafari";
			};
			name = Release;
		};
		42FD851729C92603003F595B /* Debug */ = {
			isa = XCBuildConfiguration;
			buildSettings = {
				ALWAYS_EMBED_SWIFT_STANDARD_LIBRARIES = YES;
				CODE_SIGN_STYLE = Automatic;
				CURRENT_PROJECT_VERSION = 1;
				DEVELOPMENT_TEAM = 6BPV2KA2D8;
				GENERATE_INFOPLIST_FILE = YES;
				MARKETING_VERSION = 1.0;
				PRODUCT_BUNDLE_IDENTIFIER = eddie.TheCoralSafariUITests;
				PRODUCT_NAME = "$(TARGET_NAME)";
				SWIFT_EMIT_LOC_STRINGS = NO;
				SWIFT_VERSION = 5.0;
				TARGETED_DEVICE_FAMILY = "1,2";
				TEST_TARGET_NAME = TheCoralSafari;
			};
			name = Debug;
		};
		42FD851829C92603003F595B /* Release */ = {
			isa = XCBuildConfiguration;
			buildSettings = {
				ALWAYS_EMBED_SWIFT_STANDARD_LIBRARIES = YES;
				CODE_SIGN_STYLE = Automatic;
				CURRENT_PROJECT_VERSION = 1;
				DEVELOPMENT_TEAM = 6BPV2KA2D8;
				GENERATE_INFOPLIST_FILE = YES;
				MARKETING_VERSION = 1.0;
				PRODUCT_BUNDLE_IDENTIFIER = eddie.TheCoralSafariUITests;
				PRODUCT_NAME = "$(TARGET_NAME)";
				SWIFT_EMIT_LOC_STRINGS = NO;
				SWIFT_VERSION = 5.0;
				TARGETED_DEVICE_FAMILY = "1,2";
				TEST_TARGET_NAME = TheCoralSafari;
			};
			name = Release;
		};
/* End XCBuildConfiguration section */

/* Begin XCConfigurationList section */
		42FD84E129C92602003F595B /* Build configuration list for PBXProject "TheCoralSafari" */ = {
			isa = XCConfigurationList;
			buildConfigurations = (
				42FD850E29C92603003F595B /* Debug */,
				42FD850F29C92603003F595B /* Release */,
			);
			defaultConfigurationIsVisible = 0;
			defaultConfigurationName = Release;
		};
		42FD851029C92603003F595B /* Build configuration list for PBXNativeTarget "TheCoralSafari" */ = {
			isa = XCConfigurationList;
			buildConfigurations = (
				42FD851129C92603003F595B /* Debug */,
				42FD851229C92603003F595B /* Release */,
			);
			defaultConfigurationIsVisible = 0;
			defaultConfigurationName = Release;
		};
		42FD851329C92603003F595B /* Build configuration list for PBXNativeTarget "TheCoralSafariTests" */ = {
			isa = XCConfigurationList;
			buildConfigurations = (
				42FD851429C92603003F595B /* Debug */,
				42FD851529C92603003F595B /* Release */,
			);
			defaultConfigurationIsVisible = 0;
			defaultConfigurationName = Release;
		};
		42FD851629C92603003F595B /* Build configuration list for PBXNativeTarget "TheCoralSafariUITests" */ = {
			isa = XCConfigurationList;
			buildConfigurations = (
				42FD851729C92603003F595B /* Debug */,
				42FD851829C92603003F595B /* Release */,
			);
			defaultConfigurationIsVisible = 0;
			defaultConfigurationName = Release;
		};
/* End XCConfigurationList section */
	};
	rootObject = 42FD84DE29C92602003F595B /* Project object */;
}
